
Microsoft Visual Studio Solution File, Format Version 12.00
Project("{FAE04EC0-301F-11D3-BF4B-00C04F79EFBC}") = "Innowise.Clinic.Services.Api", "Innowise.Clinic.Services.Api\Innowise.Clinic.Services.Api.csproj", "{15F49627-5228-46E1-8612-A84909D927C8}"
EndProject
Project("{FAE04EC0-301F-11D3-BF4B-00C04F79EFBC}") = "Innowise.Clinic.Services.Persistence", "Innowise.Clinic.Services.Persistence\Innowise.Clinic.Services.Persistence.csproj", "{63DD4D84-9019-4E5E-83CD-5DF1E4798E8D}"
EndProject
Project("{FAE04EC0-301F-11D3-BF4B-00C04F79EFBC}") = "Innowise.Clinic.Services.Configuration", "Innowise.Clinic.Services.Configuration\Innowise.Clinic.Services.Configuration.csproj", "{555A68AB-BD0E-42D5-9F8D-2F8784CC22F0}"
EndProject
Project("{FAE04EC0-301F-11D3-BF4B-00C04F79EFBC}") = "Innowise.Clinic.Services.Dto", "Innowise.Clinic.Services.Dto\Innowise.Clinic.Services.Dto.csproj", "{D0969A0B-9384-4133-BC0B-2BF34574B1F2}"
EndProject
Project("{FAE04EC0-301F-11D3-BF4B-00C04F79EFBC}") = "Innowise.Clinic.Services.Services", "Innowise.Clinic.Services.Services\Innowise.Clinic.Services.Services.csproj", "{3F8D542C-99B2-45D1-953A-7B7A56E858FE}"
EndProject
Global
	GlobalSection(SolutionConfigurationPlatforms) = preSolution
		Debug|Any CPU = Debug|Any CPU
		Release|Any CPU = Release|Any CPU
	EndGlobalSection
	GlobalSection(ProjectConfigurationPlatforms) = postSolution
		{15F49627-5228-46E1-8612-A84909D927C8}.Debug|Any CPU.ActiveCfg = Debug|Any CPU
		{15F49627-5228-46E1-8612-A84909D927C8}.Debug|Any CPU.Build.0 = Debug|Any CPU
		{15F49627-5228-46E1-8612-A84909D927C8}.Release|Any CPU.ActiveCfg = Release|Any CPU
		{15F49627-5228-46E1-8612-A84909D927C8}.Release|Any CPU.Build.0 = Release|Any CPU
		{63DD4D84-9019-4E5E-83CD-5DF1E4798E8D}.Debug|Any CPU.ActiveCfg = Debug|Any CPU
		{63DD4D84-9019-4E5E-83CD-5DF1E4798E8D}.Debug|Any CPU.Build.0 = Debug|Any CPU
		{63DD4D84-9019-4E5E-83CD-5DF1E4798E8D}.Release|Any CPU.ActiveCfg = Release|Any CPU
		{63DD4D84-9019-4E5E-83CD-5DF1E4798E8D}.Release|Any CPU.Build.0 = Release|Any CPU
		{555A68AB-BD0E-42D5-9F8D-2F8784CC22F0}.Debug|Any CPU.ActiveCfg = Debug|Any CPU
		{555A68AB-BD0E-42D5-9F8D-2F8784CC22F0}.Debug|Any CPU.Build.0 = Debug|Any CPU
		{555A68AB-BD0E-42D5-9F8D-2F8784CC22F0}.Release|Any CPU.ActiveCfg = Release|Any CPU
		{555A68AB-BD0E-42D5-9F8D-2F8784CC22F0}.Release|Any CPU.Build.0 = Release|Any CPU
		{D0969A0B-9384-4133-BC0B-2BF34574B1F2}.Debug|Any CPU.ActiveCfg = Debug|Any CPU
		{D0969A0B-9384-4133-BC0B-2BF34574B1F2}.Debug|Any CPU.Build.0 = Debug|Any CPU
		{D0969A0B-9384-4133-BC0B-2BF34574B1F2}.Release|Any CPU.ActiveCfg = Release|Any CPU
		{D0969A0B-9384-4133-BC0B-2BF34574B1F2}.Release|Any CPU.Build.0 = Release|Any CPU
		{3F8D542C-99B2-45D1-953A-7B7A56E858FE}.Debug|Any CPU.ActiveCfg = Debug|Any CPU
		{3F8D542C-99B2-45D1-953A-7B7A56E858FE}.Debug|Any CPU.Build.0 = Debug|Any CPU
		{3F8D542C-99B2-45D1-953A-7B7A56E858FE}.Release|Any CPU.ActiveCfg = Release|Any CPU
		{3F8D542C-99B2-45D1-953A-7B7A56E858FE}.Release|Any CPU.Build.0 = Release|Any CPU
	EndGlobalSection
EndGlobal
